{"version":4,"terraform_version":"1.9.1","serial":6,"lineage":"cb2af33e-20aa-de61-8c28-5a183c3c7e89","outputs":{},"resources":[{"mode":"managed","type":"proxmox_vm_qemu","name":"cloudinit-test","provider":"provider[\"registry.opentofu.org/telmate/proxmox\"]","instances":[{"schema_version":0,"attributes":{"additional_wait":5,"agent":1,"agent_timeout":null,"args":"","automatic_reboot":true,"balloon":0,"bios":"seabios","boot":"order=scsi0","bootdisk":"","ci_wait":null,"cicustom":null,"cipassword":"debian","ciupgrade":false,"ciuser":"debian","clone":"deb12-tpl","clone_wait":10,"cores":2,"cpu":"host","default_ipv4_address":"192.168.88.31","default_ipv6_address":"","define_connection_info":true,"desc":"A test for using terraform and cloudinit","disk":[],"disks":[{"ide":[{"ide0":[],"ide1":[],"ide2":[{"cdrom":[],"cloudinit":[{"storage":"Drives"}],"disk":[],"passthrough":[]}],"ide3":[]}],"sata":[],"scsi":[{"scsi0":[{"cdrom":[],"cloudinit":[],"disk":[{"asyncio":"","backup":true,"cache":"writeback","discard":true,"emulatessd":false,"format":"raw","id":0,"iops_r_burst":0,"iops_r_burst_length":0,"iops_r_concurrent":0,"iops_wr_burst":0,"iops_wr_burst_length":0,"iops_wr_concurrent":0,"iothread":false,"linked_disk_id":-1,"mbps_r_burst":0,"mbps_r_concurrent":0,"mbps_wr_burst":0,"mbps_wr_concurrent":0,"readonly":false,"replicate":true,"serial":"","size":"32G","storage":"Drives","wwn":""}],"passthrough":[]}],"scsi1":[],"scsi10":[],"scsi11":[],"scsi12":[],"scsi13":[],"scsi14":[],"scsi15":[],"scsi16":[],"scsi17":[],"scsi18":[],"scsi19":[],"scsi2":[],"scsi20":[],"scsi21":[],"scsi22":[],"scsi23":[],"scsi24":[],"scsi25":[],"scsi26":[],"scsi27":[],"scsi28":[],"scsi29":[],"scsi3":[],"scsi30":[],"scsi4":[],"scsi5":[],"scsi6":[],"scsi7":[],"scsi8":[],"scsi9":[]}],"virtio":[]}],"efidisk":[],"force_create":false,"force_recreate_on_change_of":null,"full_clone":true,"hagroup":"","hastate":"","hostpci":[],"hotplug":"network,disk,usb","id":"pve/qemu/101","ipconfig0":"ip=dhcp","ipconfig1":null,"ipconfig10":null,"ipconfig11":null,"ipconfig12":null,"ipconfig13":null,"ipconfig14":null,"ipconfig15":null,"ipconfig2":null,"ipconfig3":null,"ipconfig4":null,"ipconfig5":null,"ipconfig6":null,"ipconfig7":null,"ipconfig8":null,"ipconfig9":null,"kvm":true,"linked_vmid":0,"machine":"","memory":2048,"name":"terraform-test-vm","nameserver":null,"network":[{"bridge":"vmbr0","firewall":false,"link_down":false,"macaddr":"DA:07:42:9A:51:2F","model":"virtio","mtu":0,"queues":0,"rate":0,"tag":-1}],"numa":false,"onboot":false,"os_network_config":null,"os_type":"cloud-init","pool":"","protection":false,"pxe":null,"qemu_os":"other","reboot_required":false,"scsihw":"virtio-scsi-pci","searchdomain":null,"serial":[{"id":0,"type":"socket"}],"skip_ipv4":false,"skip_ipv6":false,"smbios":[{"family":"","manufacturer":"","product":"","serial":"","sku":"","uuid":"20c7bd59-cd14-483d-ad7e-86a9edcf208a","version":""}],"sockets":1,"ssh_forward_ip":null,"ssh_host":"192.168.88.31","ssh_port":"22","ssh_private_key":null,"ssh_user":null,"sshkeys":"","startup":"","tablet":true,"tags":"","target_node":"pve","target_nodes":null,"timeouts":null,"unused_disk":[],"usb":[],"vcpus":0,"vga":[],"vm_state":"running","vmid":null},"sensitive_attributes":[[{"type":"get_attr","value":"ssh_private_key"}],[{"type":"get_attr","value":"cipassword"}]],"private":"eyJlMmJmYjczMC1lY2FhLTExZTYtOGY4OC0zNDM2M2JjN2M0YzAiOnsiY3JlYXRlIjoxMjAwMDAwMDAwMDAwLCJkZWZhdWx0IjoxMjAwMDAwMDAwMDAwLCJkZWxldGUiOjEyMDAwMDAwMDAwMDAsInJlYWQiOjEyMDAwMDAwMDAwMDAsInVwZGF0ZSI6MTIwMDAwMDAwMDAwMH19"}]}],"check_results":null}
